
Microsoft Visual Studio Solution File, Format Version 12.00
# Visual Studio Version 17
VisualStudioVersion = 17.9.34622.214
MinimumVisualStudioVersion = 10.0.40219.1
Project("{FAE04EC0-301F-11D3-BF4B-00C04F79EFBC}") = "GanCS203XLFreqTable", "GanCS203XLFreqTable\GanCS203XLFreqTable.csproj", "{566CCF26-0329-4E04-8EFF-E850A9EEBBDE}"
EndProject
Global
	GlobalSection(SolutionConfigurationPlatforms) = preSolution
		Debug|Any CPU = Debug|Any CPU
		Release|Any CPU = Release|Any CPU
	EndGlobalSection
	GlobalSection(ProjectConfigurationPlatforms) = postSolution
		{566CCF26-0329-4E04-8EFF-E850A9EEBBDE}.Debug|Any CPU.ActiveCfg = Debug|Any CPU
		{566CCF26-0329-4E04-8EFF-E850A9EEBBDE}.Debug|Any CPU.Build.0 = Debug|Any CPU
		{566CCF26-0329-4E04-8EFF-E850A9EEBBDE}.Release|Any CPU.ActiveCfg = Release|Any CPU
		{566CCF26-0329-4E04-8EFF-E850A9EEBBDE}.Release|Any CPU.Build.0 = Release|Any CPU
	EndGlobalSection
	GlobalSection(SolutionProperties) = preSolution
		HideSolutionNode = FALSE
	EndGlobalSection
	GlobalSection(ExtensibilityGlobals) = postSolution
		SolutionGuid = {F41B13BD-9632-4CB0-A682-C560E1081B59}
	EndGlobalSection
EndGlobal
